{
  "lockfile_version": "1",
  "packages": {
    "direnv@2.37.1": {
      "last_modified": "2025-07-21T09:58:03Z",
      "resolved": "github:NixOS/nixpkgs/2baf8e1658cba84a032c3a8befb1e7b06629242a#direnv",
      "source": "devbox-search",
      "version": "2.37.1",
      "systems": {
        "aarch64-darwin": {
          "outputs": [
            {
              "name": "out",
              "path": "/nix/store/2yxm2j7kwmjvvjph8x2mmfhmzhaj1y5c-direnv-2.37.1",
              "default": true
            }
          ],
          "store_path": "/nix/store/2yxm2j7kwmjvvjph8x2mmfhmzhaj1y5c-direnv-2.37.1"
        },
        "aarch64-linux": {
          "outputs": [
            {
              "name": "out",
              "path": "/nix/store/8dfqhbnfc65fv4rxpjp2knvsc0c2h7f7-direnv-2.37.1",
              "default": true
            }
          ],
          "store_path": "/nix/store/8dfqhbnfc65fv4rxpjp2knvsc0c2h7f7-direnv-2.37.1"
        },
        "x86_64-darwin": {
          "outputs": [
            {
              "name": "out",
              "path": "/nix/store/sl2ay9dwylk2nvyxsg2kpcclhahgzhnb-direnv-2.37.1",
              "default": true
            }
          ],
          "store_path": "/nix/store/sl2ay9dwylk2nvyxsg2kpcclhahgzhnb-direnv-2.37.1"
        },
        "x86_64-linux": {
          "outputs": [
            {
              "name": "out",
              "path": "/nix/store/cayixg88lflclgcwjlc21bih648in6ff-direnv-2.37.1",
              "default": true
            }
          ],
          "store_path": "/nix/store/cayixg88lflclgcwjlc21bih648in6ff-direnv-2.37.1"
        }
      }
    },
    "git@2.54.0": {
      "last_modified": "2026-05-26T09:13:58Z",
      "resolved": "github:NixOS/nixpkgs/f44f7788c891fbe5542177df78374f8cdab10e8f#git",
      "source": "devbox-search",
      "version": "2.54.0",
      "systems": {
        "aarch64-darwin": {
          "outputs": [
            {
              "name": "out",
              "path": "/nix/store/a14yxcqvv9x2l9mllgpirzhvz93pgprg-git-2.54.0",
              "default": true
            },
            {
              "name": "doc",
              "path": "/nix/store/zn8gmbxxf5398hxg6y6nk5jimj85qj69-git-2.54.0-doc"
            }
          ],
          "store_path": "/nix/store/a14yxcqvv9x2l9mllgpirzhvz93pgprg-git-2.54.0"
        },
        "aarch64-linux": {
          "outputs": [
            {
              "name": "out",
              "path": "/nix/store/ixp98f9avf8ikpdrmp40cj33g0dazyp9-git-2.54.0",
              "default": true
            },
            {
              "name": "debug",
              "path": "/nix/store/c7mafmqf28l7898rpbqqkd0p3m42hc03-git-2.54.0-debug"
            },
            {
              "name": "doc",
              "path": "/nix/store/klwr4n2snj7ldlpkhwarwlif80myx0vj-git-2.54.0-doc"
            }
          ],
          "store_path": "/nix/store/ixp98f9avf8ikpdrmp40cj33g0dazyp9-git-2.54.0"
        },
        "x86_64-darwin": {
          "outputs": [
            {
              "name": "out",
              "path": "/nix/store/s9lsrlgwr3sabw9a2dl3laykas0ijk85-git-2.54.0",
              "default": true
            },
            {
              "name": "doc",
              "path": "/nix/store/agyxy5ay4x06b52mj24rz44fc82328ha-git-2.54.0-doc"
            }
          ],
          "store_path": "/nix/store/s9lsrlgwr3sabw9a2dl3laykas0ijk85-git-2.54.0"
        },
        "x86_64-linux": {
          "outputs": [
            {
              "name": "out",
              "path": "/nix/store/bcnisk3ydfgv26v2gw3zlky24g00yww2-git-2.54.0",
              "default": true
            },
            {
              "name": "debug",
              "path": "/nix/store/72fyakk8w8idjbksk0h8jbkq6sgvcm85-git-2.54.0-debug"
            },
            {
              "name": "doc",
              "path": "/nix/store/l444690y78nfdwyzm6mghagl7xa97myf-git-2.54.0-doc"
            }
          ],
          "store_path": "/nix/store/bcnisk3ydfgv26v2gw3zlky24g00yww2-git-2.54.0"
        }
      }
    },
    "github:NixOS/nixpkgs/nixpkgs-unstable": {
      "last_modified": "2025-04-13T09:22:33Z",
      "resolved": "github:NixOS/nixpkgs/18dd725c29603f582cf1900e0d25f9f1063dbf11?lastModified=1744536153&narHash=sha256-awS2zRgF4uTwrOKwwiJcByDzDOdo3Q1rPZbiHQg%2FN38%3D"
    },
    "glibcLocales@latest": {
      "last_modified": "2025-03-11T17:52:14Z",
      "resolved": "github:NixOS/nixpkgs/0d534853a55b5d02a4ababa1d71921ce8f0aee4c#glibcLocales",
      "source": "devbox-search",
      "version": "2.40-66",
      "systems": {
        "aarch64-linux": {
          "outputs": [
            {
              "name": "out",
              "path": "/nix/store/iv7avlnmk2cx79xpi4mr8sk1kxvlvm9l-glibc-locales-2.40-66",
              "default": true
            }
          ],
          "store_path": "/nix/store/iv7avlnmk2cx79xpi4mr8sk1kxvlvm9l-glibc-locales-2.40-66"
        },
        "x86_64-linux": {
          "outputs": [
            {
              "name": "out",
              "path": "/nix/store/hgybbbzg778wasmw5g1hzm7a8n4wwd5h-glibc-locales-2.40-66",
              "default": true
            }
          ],
          "store_path": "/nix/store/hgybbbzg778wasmw5g1hzm7a8n4wwd5h-glibc-locales-2.40-66"
        }
      }
    },
    "go-task@3.48.0": {
      "last_modified": "2026-02-02T23:09:17Z",
      "resolved": "github:NixOS/nixpkgs/47472570b1e607482890801aeaf29bfb749884f6#go-task",
      "source": "devbox-search",
      "version": "3.48.0",
      "systems": {
        "aarch64-darwin": {
          "outputs": [
            {
              "name": "out",
              "path": "/nix/store/xcbnv9rgpbrrbjc9rhcryn29fkapyy7a-go-task-3.48.0",
              "default": true
            }
          ],
          "store_path": "/nix/store/xcbnv9rgpbrrbjc9rhcryn29fkapyy7a-go-task-3.48.0"
        },
        "aarch64-linux": {
          "outputs": [
            {
              "name": "out",
              "path": "/nix/store/ncpxzr2h6wmbw3x1rk64wbpdrdk7hnc5-go-task-3.48.0",
              "default": true
            }
          ],
          "store_path": "/nix/store/ncpxzr2h6wmbw3x1rk64wbpdrdk7hnc5-go-task-3.48.0"
        },
        "x86_64-darwin": {
          "outputs": [
            {
              "name": "out",
              "path": "/nix/store/xvrsali850p07x38l7vg337nfmy8sf4d-go-task-3.48.0",
              "default": true
            }
          ],
          "store_path": "/nix/store/xvrsali850p07x38l7vg337nfmy8sf4d-go-task-3.48.0"
        },
        "x86_64-linux": {
          "outputs": [
            {
              "name": "out",
              "path": "/nix/store/5aa1yhiq2vx8widj750xb8b7rp21xrwn-go-task-3.48.0",
              "default": true
            }
          ],
          "store_path": "/nix/store/5aa1yhiq2vx8widj750xb8b7rp21xrwn-go-task-3.48.0"
        }
      }
    },
    "go@1.26.4": {
      "last_modified": "2026-06-27T07:37:20Z",
      "resolved": "github:NixOS/nixpkgs/3d46470bb3030020f7e1361f33514854f5bfa86d#go",
      "source": "devbox-search",
      "version": "1.26.4",
      "systems": {
        "aarch64-darwin": {
          "outputs": [
            {
              "name": "out",
              "path": "/nix/store/kyai650rrywrzflnwda9mbk2c2j9w68r-go-1.26.4",
              "default": true
            }
          ],
          "store_path": "/nix/store/kyai650rrywrzflnwda9mbk2c2j9w68r-go-1.26.4"
        },
        "aarch64-linux": {
          "outputs": [
            {
              "name": "out",
              "path": "/nix/store/lgcj27hrbanbc93xm9zdrldds7b1jrw8-go-1.26.4",
              "default": true
            }
          ],
          "store_path": "/nix/store/lgcj27hrbanbc93xm9zdrldds7b1jrw8-go-1.26.4"
        },
        "x86_64-darwin": {
          "outputs": [
            {
              "name": "out",
              "path": "/nix/store/h0z6ghmi3cihlbm163d72xs9p9nn04a1-go-1.26.4",
              "default": true
            }
          ],
          "store_path": "/nix/store/h0z6ghmi3cihlbm163d72xs9p9nn04a1-go-1.26.4"
        },
        "x86_64-linux": {
          "outputs": [
            {
              "name": "out",
              "path": "/nix/store/gb0njhqswlc5n127ikgyikvq39r40l6f-go-1.26.4",
              "default": true
            }
          ],
          "store_path": "/nix/store/gb0njhqswlc5n127ikgyikvq39r40l6f-go-1.26.4"
        }
      }
    },
    "nix-bash-completions@latest": {
      "last_modified": "2025-03-23T05:31:05Z",
      "resolved": "github:NixOS/nixpkgs/dd613136ee91f67e5dba3f3f41ac99ae89c5406b#nix-bash-completions",
      "source": "devbox-search",
      "version": "0.6.8",
      "systems": {
        "aarch64-darwin": {
          "outputs": [
            {
              "name": "out",
              "path": "/nix/store/7mid7vynicbhi1xkvp3dm8jk80x3akip-nix-bash-completions-0.6.8",
              "default": true
            }
          ],
          "store_path": "/nix/store/7mid7vynicbhi1xkvp3dm8jk80x3akip-nix-bash-completions-0.6.8"
        },
        "aarch64-linux": {
          "outputs": [
            {
              "name": "out",
              "path": "/nix/store/wzjnigr4bdsr42fhfcawf5y4phalqkx4-nix-bash-completions-0.6.8",
              "default": true
            }
          ],
          "store_path": "/nix/store/wzjnigr4bdsr42fhfcawf5y4phalqkx4-nix-bash-completions-0.6.8"
        },
        "x86_64-darwin": {
          "outputs": [
            {
              "name": "out",
              "path": "/nix/store/jznwx3abnyysfddccc48csn11ds509xy-nix-bash-completions-0.6.8",
              "default": true
            }
          ],
          "store_path": "/nix/store/jznwx3abnyysfddccc48csn11ds509xy-nix-bash-completions-0.6.8"
        },
        "x86_64-linux": {
          "outputs": [
            {
              "name": "out",
              "path": "/nix/store/hahdcni7nix6m7hzk43pg0q2az6x0dk1-nix-bash-completions-0.6.8",
              "default": true
            }
          ],
          "store_path": "/nix/store/hahdcni7nix6m7hzk43pg0q2az6x0dk1-nix-bash-completions-0.6.8"
        }
      }
    },
    "postgresql@18.4": {
      "last_modified": "2026-07-16T14:07:54Z",
      "plugin_version": "0.0.2",
      "resolved": "github:NixOS/nixpkgs/59682e0069f0ed0a452e2179a7f4c1f247027b9e#postgresql",
      "source": "devbox-search",
      "version": "18.4",
      "systems": {
        "aarch64-darwin": {
          "outputs": [
            {
              "name": "out",
              "path": "/nix/store/rx1m5hqli5g7rjrq316gk8f6hjxhbgrf-postgresql-18.4",
              "default": true
            },
            {
              "name": "man",
              "path": "/nix/store/ivdf7fl7722wwsrp1s1c89pvdrmdk1jq-postgresql-18.4-man",
              "default": true
            },
            {
              "name": "lib",
              "path": "/nix/store/qn9nw93k34bs0d0kj3nfafwbhn12z07d-postgresql-18.4-lib"
            },
            {
              "name": "plpython3",
              "path": "/nix/store/iam8fd9i3zigvxidakpz81z8sh3xqkbx-postgresql-18.4-plpython3"
            },
            {
              "name": "pltcl",
              "path": "/nix/store/nx679kprx8fggjqj0hk9i466dqdrgdrj-postgresql-18.4-pltcl"
            },
            {
              "name": "doc",
              "path": "/nix/store/2f28zywgp5cb08z7b1bvvp8rfy0pxn9p-postgresql-18.4-doc"
            },
            {
              "name": "plperl",
              "path": "/nix/store/jgwnpxd41f0cvd7ivfka40jhkg01clnm-postgresql-18.4-plperl"
            },
            {
              "name": "dev",
              "path": "/nix/store/r11p17wd3x13fkryfrrbrgrx5nxilvga-postgresql-18.4-dev"
            },
            {
              "name": "jit",
              "path": "/nix/store/jf9kixf9i1l9ifjs0i9s6fih1j4vpkgp-postgresql-18.4-jit"
            }
          ],
          "store_path": "/nix/store/rx1m5hqli5g7rjrq316gk8f6hjxhbgrf-postgresql-18.4"
        },
        "aarch64-linux": {
          "outputs": [
            {
              "name": "out",
              "path": "/nix/store/jf8arbb6n0kylpjh999dv16w98js4y4k-postgresql-18.4",
              "default": true
            },
            {
              "name": "man",
              "path": "/nix/store/x6qjnq26la2z9a8nhwhqbigmys32kd1s-postgresql-18.4-man",
              "default": true
            },
            {
              "name": "dev",
              "path": "/nix/store/cvzfc7kv4jvi1f61naq2fzkm7d1kn92r-postgresql-18.4-dev"
            },
            {
              "name": "jit",
              "path": "/nix/store/s6rw8q4basrvxy5dy5bn3wbb3wh2khdi-postgresql-18.4-jit"
            },
            {
              "name": "plperl",
              "path": "/nix/store/kiww387nca8q3k81n3ifhhm7cabj4136-postgresql-18.4-plperl"
            },
            {
              "name": "plpython3",
              "path": "/nix/store/xah9rbfl6hkhzklr3kqs3xafxn84x4a0-postgresql-18.4-plpython3"
            },
            {
              "name": "pltcl",
              "path": "/nix/store/4plv7bmfmr9xrng4crbjyjppdk3pl73n-postgresql-18.4-pltcl"
            },
            {
              "name": "debug",
              "path": "/nix/store/2lbsnjkj8r10pvqfkjv8y469aq3bnczv-postgresql-18.4-debug"
            },
            {
              "name": "doc",
              "path": "/nix/store/qwhi1pzhxyi7zs0bk3yajl5k7rswndph-postgresql-18.4-doc"
            },
            {
              "name": "lib",
              "path": "/nix/store/5qcmni7sk7rvjwi3mnh8981gq34zwysk-postgresql-18.4-lib"
            }
          ],
          "store_path": "/nix/store/jf8arbb6n0kylpjh999dv16w98js4y4k-postgresql-18.4"
        },
        "x86_64-linux": {
          "outputs": [
            {
              "name": "out",
              "path": "/nix/store/jnln5fgb9zsr408gl8ya1yrxkmfnagcj-postgresql-18.4",
              "default": true
            },
            {
              "name": "man",
              "path": "/nix/store/plwx8j0kbmi66vffmb4697xjck303y67-postgresql-18.4-man",
              "default": true
            },
            {
              "name": "debug",
              "path": "/nix/store/x924pgm4hg791skjllhmhlx1v049jnns-postgresql-18.4-debug"
            },
            {
              "name": "dev",
              "path": "/nix/store/gjj7pxzaz0wy8iyx6hin73lnjnhlq0ix-postgresql-18.4-dev"
            },
            {
              "name": "doc",
              "path": "/nix/store/xdrbna2ngarqmprq8j0ncc60svzq8r45-postgresql-18.4-doc"
            },
            {
              "name": "jit",
              "path": "/nix/store/d6ij19hl9f904dlzs1vsm7q1zik022bl-postgresql-18.4-jit"
            },
            {
              "name": "lib",
              "path": "/nix/store/r06f3q761ji714wsfs5zsz18g1b41zpz-postgresql-18.4-lib"
            },
            {
              "name": "plpython3",
              "path": "/nix/store/k7yr6v61mprz63p2b8ryfilni2jlhalj-postgresql-18.4-plpython3"
            },
            {
              "name": "pltcl",
              "path": "/nix/store/wkgpq9xvpjqsj75jp7xb3nss3p7m808g-postgresql-18.4-pltcl"
            },
            {
              "name": "plperl",
              "path": "/nix/store/hrv7dgnyn59zdj0i1dpplxqzi6rbcm2p-postgresql-18.4-plperl"
            }
          ],
          "store_path": "/nix/store/jnln5fgb9zsr408gl8ya1yrxkmfnagcj-postgresql-18.4"
        }
      }
    }
  }
}
