{
  "lockfile_version": "1",
  "packages": {
    "direnv@2.37.1": {
      "last_modified": "2025-07-21T09:58:03Z",
      "resolved": "github:NixOS/nixpkgs/2baf8e1658cba84a032c3a8befb1e7b06629242a#direnv",
      "source": "devbox-search",
      "version": "2.37.1",
      "systems": {
        "aarch64-darwin": {
          "outputs": [
            {
              "name": "out",
              "path": "/nix/store/2yxm2j7kwmjvvjph8x2mmfhmzhaj1y5c-direnv-2.37.1",
              "default": true
            }
          ],
          "store_path": "/nix/store/2yxm2j7kwmjvvjph8x2mmfhmzhaj1y5c-direnv-2.37.1"
        },
        "aarch64-linux": {
          "outputs": [
            {
              "name": "out",
              "path": "/nix/store/8dfqhbnfc65fv4rxpjp2knvsc0c2h7f7-direnv-2.37.1",
              "default": true
            }
          ],
          "store_path": "/nix/store/8dfqhbnfc65fv4rxpjp2knvsc0c2h7f7-direnv-2.37.1"
        },
        "x86_64-darwin": {
          "outputs": [
            {
              "name": "out",
              "path": "/nix/store/sl2ay9dwylk2nvyxsg2kpcclhahgzhnb-direnv-2.37.1",
              "default": true
            }
          ],
          "store_path": "/nix/store/sl2ay9dwylk2nvyxsg2kpcclhahgzhnb-direnv-2.37.1"
        },
        "x86_64-linux": {
          "outputs": [
            {
              "name": "out",
              "path": "/nix/store/cayixg88lflclgcwjlc21bih648in6ff-direnv-2.37.1",
              "default": true
            }
          ],
          "store_path": "/nix/store/cayixg88lflclgcwjlc21bih648in6ff-direnv-2.37.1"
        }
      }
    },
    "git@2.51.2": {
      "last_modified": "2025-11-15T07:28:48Z",
      "resolved": "github:NixOS/nixpkgs/1d4c88323ac36805d09657d13a5273aea1b34f0c#git",
      "source": "devbox-search",
      "version": "2.51.2",
      "systems": {
        "aarch64-darwin": {
          "outputs": [
            {
              "name": "out",
              "path": "/nix/store/k2vlwnvjcmnig77p65zipibvvim8rxq7-git-2.51.2",
              "default": true
            },
            {
              "name": "doc",
              "path": "/nix/store/6x44hx2f6g1y1viiaian2bvypb8djq39-git-2.51.2-doc"
            }
          ],
          "store_path": "/nix/store/k2vlwnvjcmnig77p65zipibvvim8rxq7-git-2.51.2"
        },
        "aarch64-linux": {
          "outputs": [
            {
              "name": "out",
              "path": "/nix/store/55j9qicj9fghz8yk3xsn2y9ab5mj4jdr-git-2.51.2",
              "default": true
            },
            {
              "name": "debug",
              "path": "/nix/store/vspa1pprrnj7xz3bhqayzih5mi7vhvvh-git-2.51.2-debug"
            },
            {
              "name": "doc",
              "path": "/nix/store/6zdv508cvrgfsnvvv5003ivsfcqngfvs-git-2.51.2-doc"
            }
          ],
          "store_path": "/nix/store/55j9qicj9fghz8yk3xsn2y9ab5mj4jdr-git-2.51.2"
        },
        "x86_64-darwin": {
          "outputs": [
            {
              "name": "out",
              "path": "/nix/store/sz4zzn7y6gal019wmqzxvcxc97wkgp9n-git-2.51.2",
              "default": true
            },
            {
              "name": "doc",
              "path": "/nix/store/np4lannd0w8jpagqw7mry4gklr903s2n-git-2.51.2-doc"
            }
          ],
          "store_path": "/nix/store/sz4zzn7y6gal019wmqzxvcxc97wkgp9n-git-2.51.2"
        },
        "x86_64-linux": {
          "outputs": [
            {
              "name": "out",
              "path": "/nix/store/q6jjgnyivwx7r4wynsi6g36k6srfy7mk-git-2.51.2",
              "default": true
            },
            {
              "name": "debug",
              "path": "/nix/store/f6zjr2bcd31qpvj4d4qsvqhfnnyc1kaz-git-2.51.2-debug"
            },
            {
              "name": "doc",
              "path": "/nix/store/9bir646idszbrn3j3wz98xq4m0kvzgrp-git-2.51.2-doc"
            }
          ],
          "store_path": "/nix/store/q6jjgnyivwx7r4wynsi6g36k6srfy7mk-git-2.51.2"
        }
      }
    },
    "github:NixOS/nixpkgs/nixpkgs-unstable": {
      "last_modified": "2025-04-13T09:22:33Z",
      "resolved": "github:NixOS/nixpkgs/18dd725c29603f582cf1900e0d25f9f1063dbf11?lastModified=1744536153&narHash=sha256-awS2zRgF4uTwrOKwwiJcByDzDOdo3Q1rPZbiHQg%2FN38%3D"
    },
    "glibcLocales@latest": {
      "last_modified": "2025-03-11T17:52:14Z",
      "resolved": "github:NixOS/nixpkgs/0d534853a55b5d02a4ababa1d71921ce8f0aee4c#glibcLocales",
      "source": "devbox-search",
      "version": "2.40-66",
      "systems": {
        "aarch64-linux": {
          "outputs": [
            {
              "name": "out",
              "path": "/nix/store/iv7avlnmk2cx79xpi4mr8sk1kxvlvm9l-glibc-locales-2.40-66",
              "default": true
            }
          ],
          "store_path": "/nix/store/iv7avlnmk2cx79xpi4mr8sk1kxvlvm9l-glibc-locales-2.40-66"
        },
        "x86_64-linux": {
          "outputs": [
            {
              "name": "out",
              "path": "/nix/store/hgybbbzg778wasmw5g1hzm7a8n4wwd5h-glibc-locales-2.40-66",
              "default": true
            }
          ],
          "store_path": "/nix/store/hgybbbzg778wasmw5g1hzm7a8n4wwd5h-glibc-locales-2.40-66"
        }
      }
    },
    "go-task@3.45.5": {
      "last_modified": "2025-11-18T03:14:24Z",
      "resolved": "github:NixOS/nixpkgs/0ade817efdde79cbc46b624c849027335ebc25c5#go-task",
      "source": "devbox-search",
      "version": "3.45.5",
      "systems": {
        "aarch64-darwin": {
          "outputs": [
            {
              "name": "out",
              "path": "/nix/store/2rzij86mkkk9w9mhi1ka1qq6yg1a1q45-go-task-3.45.5",
              "default": true
            }
          ],
          "store_path": "/nix/store/2rzij86mkkk9w9mhi1ka1qq6yg1a1q45-go-task-3.45.5"
        },
        "aarch64-linux": {
          "outputs": [
            {
              "name": "out",
              "path": "/nix/store/7rqbfqprqf5ya9zqc22h12chg1q32vsl-go-task-3.45.5",
              "default": true
            }
          ],
          "store_path": "/nix/store/7rqbfqprqf5ya9zqc22h12chg1q32vsl-go-task-3.45.5"
        },
        "x86_64-darwin": {
          "outputs": [
            {
              "name": "out",
              "path": "/nix/store/s094zzla3026k58f5dwqs8svsxzgs7bp-go-task-3.45.5",
              "default": true
            }
          ],
          "store_path": "/nix/store/s094zzla3026k58f5dwqs8svsxzgs7bp-go-task-3.45.5"
        },
        "x86_64-linux": {
          "outputs": [
            {
              "name": "out",
              "path": "/nix/store/4yqkir1svm1bn2hwlqxxl7iq2pd6z423-go-task-3.45.5",
              "default": true
            }
          ],
          "store_path": "/nix/store/4yqkir1svm1bn2hwlqxxl7iq2pd6z423-go-task-3.45.5"
        }
      }
    },
    "go@1.25.4": {
      "last_modified": "2025-11-23T21:50:36Z",
      "resolved": "github:NixOS/nixpkgs/ee09932cedcef15aaf476f9343d1dea2cb77e261#go",
      "source": "devbox-search",
      "version": "1.25.4",
      "systems": {
        "aarch64-darwin": {
          "outputs": [
            {
              "name": "out",
              "path": "/nix/store/52f5kjcmgmvgrz3rij676b3rjmgg5l5g-go-1.25.4",
              "default": true
            }
          ],
          "store_path": "/nix/store/52f5kjcmgmvgrz3rij676b3rjmgg5l5g-go-1.25.4"
        },
        "aarch64-linux": {
          "outputs": [
            {
              "name": "out",
              "path": "/nix/store/2ajrlmz1qdpm9k9ankhnp3973wxg1gqs-go-1.25.4",
              "default": true
            }
          ],
          "store_path": "/nix/store/2ajrlmz1qdpm9k9ankhnp3973wxg1gqs-go-1.25.4"
        },
        "x86_64-darwin": {
          "outputs": [
            {
              "name": "out",
              "path": "/nix/store/1rqpvp45rl4sr1l0czrlbmv8jqj9sa7r-go-1.25.4",
              "default": true
            }
          ],
          "store_path": "/nix/store/1rqpvp45rl4sr1l0czrlbmv8jqj9sa7r-go-1.25.4"
        },
        "x86_64-linux": {
          "outputs": [
            {
              "name": "out",
              "path": "/nix/store/0a3dyfq09dnkw28ap2i450wjimvdmv6s-go-1.25.4",
              "default": true
            }
          ],
          "store_path": "/nix/store/0a3dyfq09dnkw28ap2i450wjimvdmv6s-go-1.25.4"
        }
      }
    },
    "nix-bash-completions@latest": {
      "last_modified": "2025-03-23T05:31:05Z",
      "resolved": "github:NixOS/nixpkgs/dd613136ee91f67e5dba3f3f41ac99ae89c5406b#nix-bash-completions",
      "source": "devbox-search",
      "version": "0.6.8",
      "systems": {
        "aarch64-darwin": {
          "outputs": [
            {
              "name": "out",
              "path": "/nix/store/7mid7vynicbhi1xkvp3dm8jk80x3akip-nix-bash-completions-0.6.8",
              "default": true
            }
          ],
          "store_path": "/nix/store/7mid7vynicbhi1xkvp3dm8jk80x3akip-nix-bash-completions-0.6.8"
        },
        "aarch64-linux": {
          "outputs": [
            {
              "name": "out",
              "path": "/nix/store/wzjnigr4bdsr42fhfcawf5y4phalqkx4-nix-bash-completions-0.6.8",
              "default": true
            }
          ],
          "store_path": "/nix/store/wzjnigr4bdsr42fhfcawf5y4phalqkx4-nix-bash-completions-0.6.8"
        },
        "x86_64-darwin": {
          "outputs": [
            {
              "name": "out",
              "path": "/nix/store/jznwx3abnyysfddccc48csn11ds509xy-nix-bash-completions-0.6.8",
              "default": true
            }
          ],
          "store_path": "/nix/store/jznwx3abnyysfddccc48csn11ds509xy-nix-bash-completions-0.6.8"
        },
        "x86_64-linux": {
          "outputs": [
            {
              "name": "out",
              "path": "/nix/store/hahdcni7nix6m7hzk43pg0q2az6x0dk1-nix-bash-completions-0.6.8",
              "default": true
            }
          ],
          "store_path": "/nix/store/hahdcni7nix6m7hzk43pg0q2az6x0dk1-nix-bash-completions-0.6.8"
        }
      }
    },
    "postgresql@17.4": {
      "last_modified": "2025-04-13T09:22:33Z",
      "plugin_version": "0.0.2",
      "resolved": "github:NixOS/nixpkgs/18dd725c29603f582cf1900e0d25f9f1063dbf11#postgresql",
      "source": "devbox-search",
      "version": "17.4",
      "systems": {
        "aarch64-darwin": {
          "outputs": [
            {
              "name": "out",
              "path": "/nix/store/prh52g9iwjdddxbv4n0b52gbnlxnnk6w-postgresql-17.4",
              "default": true
            },
            {
              "name": "man",
              "path": "/nix/store/il144892arv36x68b5y95bkvrq32ym91-postgresql-17.4-man",
              "default": true
            },
            {
              "name": "dev",
              "path": "/nix/store/7gf8hy13r7li2balcini7004aml54l5n-postgresql-17.4-dev"
            },
            {
              "name": "doc",
              "path": "/nix/store/6x00505hxzfwjfpk15v6p4qqnbpk5dza-postgresql-17.4-doc"
            },
            {
              "name": "lib",
              "path": "/nix/store/c9g6v34cjsf308m9xzcs7figc1vgbbw3-postgresql-17.4-lib"
            }
          ],
          "store_path": "/nix/store/prh52g9iwjdddxbv4n0b52gbnlxnnk6w-postgresql-17.4"
        },
        "aarch64-linux": {
          "outputs": [
            {
              "name": "out",
              "path": "/nix/store/1lgjdy1nm8l68y2jw6m1lhas4j5jcmk1-postgresql-17.4",
              "default": true
            },
            {
              "name": "man",
              "path": "/nix/store/1v352rrzfv5p105jfaizxhd29nk41hgp-postgresql-17.4-man",
              "default": true
            },
            {
              "name": "debug",
              "path": "/nix/store/5bywayb6ywgznzh9cck9wpya1bzg4v0a-postgresql-17.4-debug"
            },
            {
              "name": "dev",
              "path": "/nix/store/zs35b02p7cay6jp7zr1xihwx8vzab17c-postgresql-17.4-dev"
            },
            {
              "name": "doc",
              "path": "/nix/store/1qccl3dm5wcja6h2kjkhvs5r9l1bx4hz-postgresql-17.4-doc"
            },
            {
              "name": "lib",
              "path": "/nix/store/kyh4l6wsjgwghvjw9810p7nn1ap106mj-postgresql-17.4-lib"
            }
          ],
          "store_path": "/nix/store/1lgjdy1nm8l68y2jw6m1lhas4j5jcmk1-postgresql-17.4"
        },
        "x86_64-darwin": {
          "outputs": [
            {
              "name": "out",
              "path": "/nix/store/0mzgv54qxafr66f4d7prz42fhs833mhk-postgresql-17.4",
              "default": true
            },
            {
              "name": "man",
              "path": "/nix/store/akb98lb29c1x3mflzcwqy4a0gqfk331r-postgresql-17.4-man",
              "default": true
            },
            {
              "name": "doc",
              "path": "/nix/store/9hxw6pf1qnlz1ygx5ximyvc48swb54n0-postgresql-17.4-doc"
            },
            {
              "name": "lib",
              "path": "/nix/store/kyml5v1q498ympq67jvcnhgmsn8384zk-postgresql-17.4-lib"
            },
            {
              "name": "dev",
              "path": "/nix/store/gpkbg9yhx7jji2hr3jp89q06hi6v7qrk-postgresql-17.4-dev"
            }
          ],
          "store_path": "/nix/store/0mzgv54qxafr66f4d7prz42fhs833mhk-postgresql-17.4"
        },
        "x86_64-linux": {
          "outputs": [
            {
              "name": "out",
              "path": "/nix/store/snfxmriwav4i0k1fxp78xk5w12hbv4q9-postgresql-17.4",
              "default": true
            },
            {
              "name": "man",
              "path": "/nix/store/pcx190vq4awjcgpmj2flrbp9awhdc74q-postgresql-17.4-man",
              "default": true
            },
            {
              "name": "lib",
              "path": "/nix/store/yja4rgfrwyxckwqf10rbr4armbn0p2y5-postgresql-17.4-lib"
            },
            {
              "name": "debug",
              "path": "/nix/store/zrlrz84kzfvnxcx5mis53scr205p29hx-postgresql-17.4-debug"
            },
            {
              "name": "dev",
              "path": "/nix/store/piqzr58swwmbsngl3jp98xgrf17a960n-postgresql-17.4-dev"
            },
            {
              "name": "doc",
              "path": "/nix/store/ilc5sycwvqjjfa33978nb1p14x358l1c-postgresql-17.4-doc"
            }
          ],
          "store_path": "/nix/store/snfxmriwav4i0k1fxp78xk5w12hbv4q9-postgresql-17.4"
        }
      }
    }
  }
}
