{
  "lockfile_version": "1",
  "packages": {
    "direnv@2.37.1": {
      "last_modified": "2025-07-21T09:58:03Z",
      "resolved": "github:NixOS/nixpkgs/2baf8e1658cba84a032c3a8befb1e7b06629242a#direnv",
      "source": "devbox-search",
      "version": "2.37.1",
      "systems": {
        "aarch64-darwin": {
          "outputs": [
            {
              "name": "out",
              "path": "/nix/store/2yxm2j7kwmjvvjph8x2mmfhmzhaj1y5c-direnv-2.37.1",
              "default": true
            }
          ],
          "store_path": "/nix/store/2yxm2j7kwmjvvjph8x2mmfhmzhaj1y5c-direnv-2.37.1"
        },
        "aarch64-linux": {
          "outputs": [
            {
              "name": "out",
              "path": "/nix/store/8dfqhbnfc65fv4rxpjp2knvsc0c2h7f7-direnv-2.37.1",
              "default": true
            }
          ],
          "store_path": "/nix/store/8dfqhbnfc65fv4rxpjp2knvsc0c2h7f7-direnv-2.37.1"
        },
        "x86_64-darwin": {
          "outputs": [
            {
              "name": "out",
              "path": "/nix/store/sl2ay9dwylk2nvyxsg2kpcclhahgzhnb-direnv-2.37.1",
              "default": true
            }
          ],
          "store_path": "/nix/store/sl2ay9dwylk2nvyxsg2kpcclhahgzhnb-direnv-2.37.1"
        },
        "x86_64-linux": {
          "outputs": [
            {
              "name": "out",
              "path": "/nix/store/cayixg88lflclgcwjlc21bih648in6ff-direnv-2.37.1",
              "default": true
            }
          ],
          "store_path": "/nix/store/cayixg88lflclgcwjlc21bih648in6ff-direnv-2.37.1"
        }
      }
    },
    "git@2.52.0": {
      "last_modified": "2026-01-01T04:40:00Z",
      "resolved": "github:NixOS/nixpkgs/c04833a1e584401bb63c1a63ddc51a71e6aa457a#git",
      "source": "devbox-search",
      "version": "2.52.0",
      "systems": {
        "aarch64-darwin": {
          "outputs": [
            {
              "name": "out",
              "path": "/nix/store/1xy62wrp3m91snd3cazxgg0yrplb6sav-git-2.52.0",
              "default": true
            },
            {
              "name": "doc",
              "path": "/nix/store/1518yqnr4z0p65jfv8skw2qwc30ad5la-git-2.52.0-doc"
            }
          ],
          "store_path": "/nix/store/1xy62wrp3m91snd3cazxgg0yrplb6sav-git-2.52.0"
        },
        "aarch64-linux": {
          "outputs": [
            {
              "name": "out",
              "path": "/nix/store/mfbr42w740arf759n51nhki221lang5z-git-2.52.0",
              "default": true
            },
            {
              "name": "doc",
              "path": "/nix/store/lm1plgvh8qlv0amm8wiz8l00ky298hws-git-2.52.0-doc"
            },
            {
              "name": "debug",
              "path": "/nix/store/q0lq2fczq1y9q9028k4ripf38mfy3n42-git-2.52.0-debug"
            }
          ],
          "store_path": "/nix/store/mfbr42w740arf759n51nhki221lang5z-git-2.52.0"
        },
        "x86_64-darwin": {
          "outputs": [
            {
              "name": "out",
              "path": "/nix/store/0lxp1s4hb0xb0di1a5jg08rr8hk0cvz8-git-2.52.0",
              "default": true
            },
            {
              "name": "doc",
              "path": "/nix/store/a9903b6q3clvx61l8drkpr262fb5qmik-git-2.52.0-doc"
            }
          ],
          "store_path": "/nix/store/0lxp1s4hb0xb0di1a5jg08rr8hk0cvz8-git-2.52.0"
        },
        "x86_64-linux": {
          "outputs": [
            {
              "name": "out",
              "path": "/nix/store/fryiyyhhilpqhx2wc4b6l5gnxc8w18rg-git-2.52.0",
              "default": true
            },
            {
              "name": "debug",
              "path": "/nix/store/q6m51s4q8kddlh9b9rb63v1yqvlv3xgp-git-2.52.0-debug"
            },
            {
              "name": "doc",
              "path": "/nix/store/n4zq81winwf8d5y2ra7fjznwl6cnhggz-git-2.52.0-doc"
            }
          ],
          "store_path": "/nix/store/fryiyyhhilpqhx2wc4b6l5gnxc8w18rg-git-2.52.0"
        }
      }
    },
    "github:NixOS/nixpkgs/nixpkgs-unstable": {
      "last_modified": "2025-04-13T09:22:33Z",
      "resolved": "github:NixOS/nixpkgs/18dd725c29603f582cf1900e0d25f9f1063dbf11?lastModified=1744536153&narHash=sha256-awS2zRgF4uTwrOKwwiJcByDzDOdo3Q1rPZbiHQg%2FN38%3D"
    },
    "glibcLocales@latest": {
      "last_modified": "2025-03-11T17:52:14Z",
      "resolved": "github:NixOS/nixpkgs/0d534853a55b5d02a4ababa1d71921ce8f0aee4c#glibcLocales",
      "source": "devbox-search",
      "version": "2.40-66",
      "systems": {
        "aarch64-linux": {
          "outputs": [
            {
              "name": "out",
              "path": "/nix/store/iv7avlnmk2cx79xpi4mr8sk1kxvlvm9l-glibc-locales-2.40-66",
              "default": true
            }
          ],
          "store_path": "/nix/store/iv7avlnmk2cx79xpi4mr8sk1kxvlvm9l-glibc-locales-2.40-66"
        },
        "x86_64-linux": {
          "outputs": [
            {
              "name": "out",
              "path": "/nix/store/hgybbbzg778wasmw5g1hzm7a8n4wwd5h-glibc-locales-2.40-66",
              "default": true
            }
          ],
          "store_path": "/nix/store/hgybbbzg778wasmw5g1hzm7a8n4wwd5h-glibc-locales-2.40-66"
        }
      }
    },
    "go-task@3.48.0": {
      "last_modified": "2026-02-02T23:09:17Z",
      "resolved": "github:NixOS/nixpkgs/47472570b1e607482890801aeaf29bfb749884f6#go-task",
      "source": "devbox-search",
      "version": "3.48.0",
      "systems": {
        "aarch64-darwin": {
          "outputs": [
            {
              "name": "out",
              "path": "/nix/store/xcbnv9rgpbrrbjc9rhcryn29fkapyy7a-go-task-3.48.0",
              "default": true
            }
          ],
          "store_path": "/nix/store/xcbnv9rgpbrrbjc9rhcryn29fkapyy7a-go-task-3.48.0"
        },
        "aarch64-linux": {
          "outputs": [
            {
              "name": "out",
              "path": "/nix/store/ncpxzr2h6wmbw3x1rk64wbpdrdk7hnc5-go-task-3.48.0",
              "default": true
            }
          ],
          "store_path": "/nix/store/ncpxzr2h6wmbw3x1rk64wbpdrdk7hnc5-go-task-3.48.0"
        },
        "x86_64-darwin": {
          "outputs": [
            {
              "name": "out",
              "path": "/nix/store/xvrsali850p07x38l7vg337nfmy8sf4d-go-task-3.48.0",
              "default": true
            }
          ],
          "store_path": "/nix/store/xvrsali850p07x38l7vg337nfmy8sf4d-go-task-3.48.0"
        },
        "x86_64-linux": {
          "outputs": [
            {
              "name": "out",
              "path": "/nix/store/5aa1yhiq2vx8widj750xb8b7rp21xrwn-go-task-3.48.0",
              "default": true
            }
          ],
          "store_path": "/nix/store/5aa1yhiq2vx8widj750xb8b7rp21xrwn-go-task-3.48.0"
        }
      }
    },
    "go@1.26.0": {
      "last_modified": "2026-02-11T12:16:34Z",
      "resolved": "github:NixOS/nixpkgs/8482c7ded03bae7550f3d69884f1e611e3bd19e8#go_1_26",
      "source": "devbox-search",
      "version": "1.26.0",
      "systems": {
        "aarch64-darwin": {
          "outputs": [
            {
              "name": "out",
              "path": "/nix/store/sz1ry9vf187bzdvsalla73ycxwfjv3pq-go-1.26.0",
              "default": true
            }
          ],
          "store_path": "/nix/store/sz1ry9vf187bzdvsalla73ycxwfjv3pq-go-1.26.0"
        },
        "aarch64-linux": {
          "outputs": [
            {
              "name": "out",
              "path": "/nix/store/1wl6q7df9z3p8gambi2ndp5s5igr4h61-go-1.26.0",
              "default": true
            }
          ],
          "store_path": "/nix/store/1wl6q7df9z3p8gambi2ndp5s5igr4h61-go-1.26.0"
        },
        "x86_64-darwin": {
          "outputs": [
            {
              "name": "out",
              "path": "/nix/store/r5bwcb31acswg4nirdblmz1zzkci6bj3-go-1.26.0",
              "default": true
            }
          ],
          "store_path": "/nix/store/r5bwcb31acswg4nirdblmz1zzkci6bj3-go-1.26.0"
        },
        "x86_64-linux": {
          "outputs": [
            {
              "name": "out",
              "path": "/nix/store/kgwkx0l54snkkgzbmg8cw89i1g8v1dqw-go-1.26.0",
              "default": true
            }
          ],
          "store_path": "/nix/store/kgwkx0l54snkkgzbmg8cw89i1g8v1dqw-go-1.26.0"
        }
      }
    },
    "nix-bash-completions@latest": {
      "last_modified": "2025-03-23T05:31:05Z",
      "resolved": "github:NixOS/nixpkgs/dd613136ee91f67e5dba3f3f41ac99ae89c5406b#nix-bash-completions",
      "source": "devbox-search",
      "version": "0.6.8",
      "systems": {
        "aarch64-darwin": {
          "outputs": [
            {
              "name": "out",
              "path": "/nix/store/7mid7vynicbhi1xkvp3dm8jk80x3akip-nix-bash-completions-0.6.8",
              "default": true
            }
          ],
          "store_path": "/nix/store/7mid7vynicbhi1xkvp3dm8jk80x3akip-nix-bash-completions-0.6.8"
        },
        "aarch64-linux": {
          "outputs": [
            {
              "name": "out",
              "path": "/nix/store/wzjnigr4bdsr42fhfcawf5y4phalqkx4-nix-bash-completions-0.6.8",
              "default": true
            }
          ],
          "store_path": "/nix/store/wzjnigr4bdsr42fhfcawf5y4phalqkx4-nix-bash-completions-0.6.8"
        },
        "x86_64-darwin": {
          "outputs": [
            {
              "name": "out",
              "path": "/nix/store/jznwx3abnyysfddccc48csn11ds509xy-nix-bash-completions-0.6.8",
              "default": true
            }
          ],
          "store_path": "/nix/store/jznwx3abnyysfddccc48csn11ds509xy-nix-bash-completions-0.6.8"
        },
        "x86_64-linux": {
          "outputs": [
            {
              "name": "out",
              "path": "/nix/store/hahdcni7nix6m7hzk43pg0q2az6x0dk1-nix-bash-completions-0.6.8",
              "default": true
            }
          ],
          "store_path": "/nix/store/hahdcni7nix6m7hzk43pg0q2az6x0dk1-nix-bash-completions-0.6.8"
        }
      }
    },
    "postgresql@17.7": {
      "last_modified": "2025-12-05T15:03:55Z",
      "plugin_version": "0.0.2",
      "resolved": "github:NixOS/nixpkgs/a672be65651c80d3f592a89b3945466584a22069#postgresql",
      "source": "devbox-search",
      "version": "17.7",
      "systems": {
        "aarch64-darwin": {
          "outputs": [
            {
              "name": "out",
              "path": "/nix/store/1r3winn5zfalbmwinc6lq88b9xraby8a-postgresql-17.7",
              "default": true
            },
            {
              "name": "man",
              "path": "/nix/store/dj5ziqm1qamn4bxf686fj08rzpp400wa-postgresql-17.7-man",
              "default": true
            },
            {
              "name": "plperl",
              "path": "/nix/store/107mlxrvyrcv103i4amyx7d4jsdpg4ii-postgresql-17.7-plperl"
            },
            {
              "name": "dev",
              "path": "/nix/store/mrvyg7p7zl2v65bjkll6ajry4nm1vf5n-postgresql-17.7-dev"
            },
            {
              "name": "doc",
              "path": "/nix/store/n78ml6ksw0s2dxk7ic1gh28hmb6ycd1k-postgresql-17.7-doc"
            },
            {
              "name": "jit",
              "path": "/nix/store/71r1n46jc3g3j43gvdg9b6q33bw3bx55-postgresql-17.7-jit"
            },
            {
              "name": "plpython3",
              "path": "/nix/store/s89wqamhx0g8dhkfhs8y9ldlyxwfivpd-postgresql-17.7-plpython3"
            },
            {
              "name": "pltcl",
              "path": "/nix/store/nbhgray24frq0wk7ysbd05wx08wwlymh-postgresql-17.7-pltcl"
            },
            {
              "name": "lib",
              "path": "/nix/store/gkgw7kfwcp5a3pqzw09jqzhszrhkaiq5-postgresql-17.7-lib"
            }
          ],
          "store_path": "/nix/store/1r3winn5zfalbmwinc6lq88b9xraby8a-postgresql-17.7"
        },
        "aarch64-linux": {
          "outputs": [
            {
              "name": "out",
              "path": "/nix/store/zf2820zfkfksdk8sfm3w9dckl8xszlwp-postgresql-17.7",
              "default": true
            },
            {
              "name": "man",
              "path": "/nix/store/a1qcrfk56mh3vyark65rvmz9y02rnwiw-postgresql-17.7-man",
              "default": true
            },
            {
              "name": "plpython3",
              "path": "/nix/store/x4ry31m2gq8yzyf19lp7pa7iyg4skra6-postgresql-17.7-plpython3"
            },
            {
              "name": "pltcl",
              "path": "/nix/store/wk1642q21p2gh94457nxa4ndlizfl54h-postgresql-17.7-pltcl"
            },
            {
              "name": "debug",
              "path": "/nix/store/07d3nmjmm625xsy5w50v8hs8xxi78gs2-postgresql-17.7-debug"
            },
            {
              "name": "doc",
              "path": "/nix/store/hpc3lmc215wv6dg4vxism4nkr0vaf5kf-postgresql-17.7-doc"
            },
            {
              "name": "jit",
              "path": "/nix/store/mg2l11akzzg3biy06pcrsbnms95rv5sk-postgresql-17.7-jit"
            },
            {
              "name": "dev",
              "path": "/nix/store/gnn65ifxb4vxfqqmsz181jb50bdm1ddw-postgresql-17.7-dev"
            },
            {
              "name": "lib",
              "path": "/nix/store/3sd6wqh57cnsniqwji06nkjqs62621w9-postgresql-17.7-lib"
            },
            {
              "name": "plperl",
              "path": "/nix/store/q0xfwfc7pi0vdhj60s8jrixn8r0an0gq-postgresql-17.7-plperl"
            }
          ],
          "store_path": "/nix/store/zf2820zfkfksdk8sfm3w9dckl8xszlwp-postgresql-17.7"
        },
        "x86_64-darwin": {
          "outputs": [
            {
              "name": "out",
              "path": "/nix/store/k29fa39ca5bbdg4wli3zb9lc4dzmnpl6-postgresql-17.7",
              "default": true
            },
            {
              "name": "man",
              "path": "/nix/store/g7fk07mbv5z7zb6di313jsr2d22ilghj-postgresql-17.7-man",
              "default": true
            },
            {
              "name": "plperl",
              "path": "/nix/store/3wz08r6904nja561g87y9lnimr899iha-postgresql-17.7-plperl"
            },
            {
              "name": "pltcl",
              "path": "/nix/store/zrihs39fvsg98fkydrrcn738qkyl44f8-postgresql-17.7-pltcl"
            },
            {
              "name": "dev",
              "path": "/nix/store/9by238ra0dyyl6cgffi8815cvys7avb0-postgresql-17.7-dev"
            },
            {
              "name": "jit",
              "path": "/nix/store/4l0v5qzkrpyx1j3x27nafh3wv6dl7fk8-postgresql-17.7-jit"
            },
            {
              "name": "plpython3",
              "path": "/nix/store/8wjjgmmjnaa66mgrv7fnk3sq9s4bj6jn-postgresql-17.7-plpython3"
            },
            {
              "name": "doc",
              "path": "/nix/store/2qicjyqc6az614ih1k4znsgimv8xryqa-postgresql-17.7-doc"
            },
            {
              "name": "lib",
              "path": "/nix/store/1zraq1plnja6slvm7nsjajql0w2r13xh-postgresql-17.7-lib"
            }
          ],
          "store_path": "/nix/store/k29fa39ca5bbdg4wli3zb9lc4dzmnpl6-postgresql-17.7"
        },
        "x86_64-linux": {
          "outputs": [
            {
              "name": "out",
              "path": "/nix/store/hkhbalgmx1669niw8jg648vbqs3mdxkv-postgresql-17.7",
              "default": true
            },
            {
              "name": "man",
              "path": "/nix/store/1vmp92d903jjf4m5jb1zxhy5q7lpw4rj-postgresql-17.7-man",
              "default": true
            },
            {
              "name": "debug",
              "path": "/nix/store/v574nvjrvvq3d61n3sz5zlbhq2cfdswp-postgresql-17.7-debug"
            },
            {
              "name": "lib",
              "path": "/nix/store/5225f1ish8km9ka30g7d3pbkr5bm191d-postgresql-17.7-lib"
            },
            {
              "name": "plperl",
              "path": "/nix/store/ndsb1zlfy750ngfzqkjpsvmllvhdvwcc-postgresql-17.7-plperl"
            },
            {
              "name": "pltcl",
              "path": "/nix/store/5xw9m3d3ya7a3465kp4h2b5kykjnbwgp-postgresql-17.7-pltcl"
            },
            {
              "name": "dev",
              "path": "/nix/store/s2g1pc44iip8kslvs9y03x6x0h83g6p3-postgresql-17.7-dev"
            },
            {
              "name": "doc",
              "path": "/nix/store/lan4adw325nkizls7m9s8aw50bj57xlr-postgresql-17.7-doc"
            },
            {
              "name": "jit",
              "path": "/nix/store/3wnpb9lmkb2car15wsnh0jni2r5s26ri-postgresql-17.7-jit"
            },
            {
              "name": "plpython3",
              "path": "/nix/store/q5ly90dah4k5kxniqzjm73rfglab3mxz-postgresql-17.7-plpython3"
            }
          ],
          "store_path": "/nix/store/hkhbalgmx1669niw8jg648vbqs3mdxkv-postgresql-17.7"
        }
      }
    }
  }
}
